// !$*UTF8*$!
{
	archiveVersion = 1;
	classes = {
	};
	objectVersion = 46;
	objects = {

/* Begin PBXBuildFile section */
		8BD9862B1DC87171008FFBEE /* AppDelegate.swift in Sources */ = {isa = PBXBuildFile; fileRef = 8BD9862A1DC87171008FFBEE /* AppDelegate.swift */; };
		8BD9862D1DC87171008FFBEE /* RecordSoundsViewController.swift in Sources */ = {isa = PBXBuildFile; fileRef = 8BD9862C1DC87171008FFBEE /* RecordSoundsViewController.swift */; };
		8BD986301DC87171008FFBEE /* Main.storyboard in Resources */ = {isa = PBXBuildFile; fileRef = 8BD9862E1DC87171008FFBEE /* Main.storyboard */; };
		8BD986321DC87171008FFBEE /* Assets.xcassets in Resources */ = {isa = PBXBuildFile; fileRef = 8BD986311DC87171008FFBEE /* Assets.xcassets */; };
		8BD986351DC87171008FFBEE /* LaunchScreen.storyboard in Resources */ = {isa = PBXBuildFile; fileRef = 8BD986331DC87171008FFBEE /* LaunchScreen.storyboard */; };
		8BD986401DC87171008FFBEE /* PitchPerfectTests.swift in Sources */ = {isa = PBXBuildFile; fileRef = 8BD9863F1DC87171008FFBEE /* PitchPerfectTests.swift */; };
		8BD9864B1DC87171008FFBEE /* PitchPerfectUITests.swift in Sources */ = {isa = PBXBuildFile; fileRef = 8BD9864A1DC87171008FFBEE /* PitchPerfectUITests.swift */; };
		8BDDE9F41DE1352A0095D98C /* PlaySoundsViewController.swift in Sources */ = {isa = PBXBuildFile; fileRef = 8BDDE9F31DE1352A0095D98C /* PlaySoundsViewController.swift */; };
		8BDDE9F61DE19A050095D98C /* PlaySoundsViewController+Audio.swift in Sources */ = {isa = PBXBuildFile; fileRef = 8BDDE9F51DE19A050095D98C /* PlaySoundsViewController+Audio.swift */; };
/* End PBXBuildFile section */

/* Begin PBXContainerItemProxy section */
		8BD9863C1DC87171008FFBEE /* PBXContainerItemProxy */ = {
			isa = PBXContainerItemProxy;
			containerPortal = 8BD9861F1DC87171008FFBEE /* Project object */;
			proxyType = 1;
			remoteGlobalIDString = 8BD986261DC87171008FFBEE;
			remoteInfo = PitchPerfect;
		};
		8BD986471DC87171008FFBEE /* PBXContainerItemProxy */ = {
			isa = PBXContainerItemProxy;
			containerPortal = 8BD9861F1DC87171008FFBEE /* Project object */;
			proxyType = 1;
			remoteGlobalIDString = 8BD986261DC87171008FFBEE;
			remoteInfo = PitchPerfect;
		};
/* End PBXContainerItemProxy section */

/* Begin PBXFileReference section */
		8BD986271DC87171008FFBEE /* PitchPerfect.app */ = {isa = PBXFileReference; explicitFileType = wrapper.application; includeInIndex = 0; path = PitchPerfect.app; sourceTree = BUILT_PRODUCTS_DIR; };
		8BD9862A1DC87171008FFBEE /* AppDelegate.swift */ = {isa = PBXFileReference; lastKnownFileType = sourcecode.swift; path = AppDelegate.swift; sourceTree = "<group>"; };
		8BD9862C1DC87171008FFBEE /* RecordSoundsViewController.swift */ = {isa = PBXFileReference; lastKnownFileType = sourcecode.swift; path = RecordSoundsViewController.swift; sourceTree = "<group>"; };
		8BD9862F1DC87171008FFBEE /* Base */ = {isa = PBXFileReference; lastKnownFileType = file.storyboard; name = Base; path = Base.lproj/Main.storyboard; sourceTree = "<group>"; };
		8BD986311DC87171008FFBEE /* Assets.xcassets */ = {isa = PBXFileReference; lastKnownFileType = folder.assetcatalog; path = Assets.xcassets; sourceTree = "<group>"; };
		8BD986341DC87171008FFBEE /* Base */ = {isa = PBXFileReference; lastKnownFileType = file.storyboard; name = Base; path = Base.lproj/LaunchScreen.storyboard; sourceTree = "<group>"; };
		8BD986361DC87171008FFBEE /* Info.plist */ = {isa = PBXFileReference; lastKnownFileType = text.plist.xml; path = Info.plist; sourceTree = "<group>"; };
		8BD9863B1DC87171008FFBEE /* PitchPerfectTests.xctest */ = {isa = PBXFileReference; explicitFileType = wrapper.cfbundle; includeInIndex = 0; path = PitchPerfectTests.xctest; sourceTree = BUILT_PRODUCTS_DIR; };
		8BD9863F1DC87171008FFBEE /* PitchPerfectTests.swift */ = {isa = PBXFileReference; lastKnownFileType = sourcecode.swift; path = PitchPerfectTests.swift; sourceTree = "<group>"; };
		8BD986411DC87171008FFBEE /* Info.plist */ = {isa = PBXFileReference; lastKnownFileType = text.plist.xml; path = Info.plist; sourceTree = "<group>"; };
		8BD986461DC87171008FFBEE /* PitchPerfectUITests.xctest */ = {isa = PBXFileReference; explicitFileType = wrapper.cfbundle; includeInIndex = 0; path = PitchPerfectUITests.xctest; sourceTree = BUILT_PRODUCTS_DIR; };
		8BD9864A1DC87171008FFBEE /* PitchPerfectUITests.swift */ = {isa = PBXFileReference; lastKnownFileType = sourcecode.swift; path = PitchPerfectUITests.swift; sourceTree = "<group>"; };
		8BD9864C1DC87171008FFBEE /* Info.plist */ = {isa = PBXFileReference; lastKnownFileType = text.plist.xml; path = Info.plist; sourceTree = "<group>"; };
		8BDDE9F31DE1352A0095D98C /* PlaySoundsViewController.swift */ = {isa = PBXFileReference; fileEncoding = 4; lastKnownFileType = sourcecode.swift; path = PlaySoundsViewController.swift; sourceTree = "<group>"; };
		8BDDE9F51DE19A050095D98C /* PlaySoundsViewController+Audio.swift */ = {isa = PBXFileReference; fileEncoding = 4; lastKnownFileType = sourcecode.swift; path = "PlaySoundsViewController+Audio.swift"; sourceTree = "<group>"; };
/* End PBXFileReference section */

/* Begin PBXFrameworksBuildPhase section */
		8BD986241DC87171008FFBEE /* Frameworks */ = {
			isa = PBXFrameworksBuildPhase;
			buildActionMask = 2147483647;
			files = (
			);
			runOnlyForDeploymentPostprocessing = 0;
		};
		8BD986381DC87171008FFBEE /* Frameworks */ = {
			isa = PBXFrameworksBuildPhase;
			buildActionMask = 2147483647;
			files = (
			);
			runOnlyForDeploymentPostprocessing = 0;
		};
		8BD986431DC87171008FFBEE /* Frameworks */ = {
			isa = PBXFrameworksBuildPhase;
			buildActionMask = 2147483647;
			files = (
			);
			runOnlyForDeploymentPostprocessing = 0;
		};
/* End PBXFrameworksBuildPhase section */

/* Begin PBXGroup section */
		8BD9861E1DC87171008FFBEE = {
			isa = PBXGroup;
			children = (
				8BD986291DC87171008FFBEE /* PitchPerfect */,
				8BD9863E1DC87171008FFBEE /* PitchPerfectTests */,
				8BD986491DC87171008FFBEE /* PitchPerfectUITests */,
				8BD986281DC87171008FFBEE /* Products */,
			);
			sourceTree = "<group>";
		};
		8BD986281DC87171008FFBEE /* Products */ = {
			isa = PBXGroup;
			children = (
				8BD986271DC87171008FFBEE /* PitchPerfect.app */,
				8BD9863B1DC87171008FFBEE /* PitchPerfectTests.xctest */,
				8BD986461DC87171008FFBEE /* PitchPerfectUITests.xctest */,
			);
			name = Products;
			sourceTree = "<group>";
		};
		8BD986291DC87171008FFBEE /* PitchPerfect */ = {
			isa = PBXGroup;
			children = (
				8BD9862A1DC87171008FFBEE /* AppDelegate.swift */,
				8BD9862C1DC87171008FFBEE /* RecordSoundsViewController.swift */,
				8BD9862E1DC87171008FFBEE /* Main.storyboard */,
				8BD986311DC87171008FFBEE /* Assets.xcassets */,
				8BD986331DC87171008FFBEE /* LaunchScreen.storyboard */,
				8BD986361DC87171008FFBEE /* Info.plist */,
				8BDDE9F31DE1352A0095D98C /* PlaySoundsViewController.swift */,
				8BDDE9F51DE19A050095D98C /* PlaySoundsViewController+Audio.swift */,
			);
			path = PitchPerfect;
			sourceTree = "<group>";
		};
		8BD9863E1DC87171008FFBEE /* PitchPerfectTests */ = {
			isa = PBXGroup;
			children = (
				8BD9863F1DC87171008FFBEE /* PitchPerfectTests.swift */,
				8BD986411DC87171008FFBEE /* Info.plist */,
			);
			path = PitchPerfectTests;
			sourceTree = "<group>";
		};
		8BD986491DC87171008FFBEE /* PitchPerfectUITests */ = {
			isa = PBXGroup;
			children = (
				8BD9864A1DC87171008FFBEE /* PitchPerfectUITests.swift */,
				8BD9864C1DC87171008FFBEE /* Info.plist */,
			);
			path = PitchPerfectUITests;
			sourceTree = "<group>";
		};
/* End PBXGroup section */

/* Begin PBXNativeTarget section */
		8BD986261DC87171008FFBEE /* PitchPerfect */ = {
			isa = PBXNativeTarget;
			buildConfigurationList = 8BD9864F1DC87171008FFBEE /* Build configuration list for PBXNativeTarget "PitchPerfect" */;
			buildPhases = (
				8BD986231DC87171008FFBEE /* Sources */,
				8BD986241DC87171008FFBEE /* Frameworks */,
				8BD986251DC87171008FFBEE /* Resources */,
			);
			buildRules = (
			);
			dependencies = (
			);
			name = PitchPerfect;
			productName = PitchPerfect;
			productReference = 8BD986271DC87171008FFBEE /* PitchPerfect.app */;
			productType = "com.apple.product-type.application";
		};
		8BD9863A1DC87171008FFBEE /* PitchPerfectTests */ = {
			isa = PBXNativeTarget;
			buildConfigurationList = 8BD986521DC87171008FFBEE /* Build configuration list for PBXNativeTarget "PitchPerfectTests" */;
			buildPhases = (
				8BD986371DC87171008FFBEE /* Sources */,
				8BD986381DC87171008FFBEE /* Frameworks */,
				8BD986391DC87171008FFBEE /* Resources */,
			);
			buildRules = (
			);
			dependencies = (
				8BD9863D1DC87171008FFBEE /* PBXTargetDependency */,
			);
			name = PitchPerfectTests;
			productName = PitchPerfectTests;
			productReference = 8BD9863B1DC87171008FFBEE /* PitchPerfectTests.xctest */;
			productType = "com.apple.product-type.bundle.unit-test";
		};
		8BD986451DC87171008FFBEE /* PitchPerfectUITests */ = {
			isa = PBXNativeTarget;
			buildConfigurationList = 8BD986551DC87171008FFBEE /* Build configuration list for PBXNativeTarget "PitchPerfectUITests" */;
			buildPhases = (
				8BD986421DC87171008FFBEE /* Sources */,
				8BD986431DC87171008FFBEE /* Frameworks */,
				8BD986441DC87171008FFBEE /* Resources */,
			);
			buildRules = (
			);
			dependencies = (
				8BD986481DC87171008FFBEE /* PBXTargetDependency */,
			);
			name = PitchPerfectUITests;
			productName = PitchPerfectUITests;
			productReference = 8BD986461DC87171008FFBEE /* PitchPerfectUITests.xctest */;
			productType = "com.apple.product-type.bundle.ui-testing";
		};
/* End PBXNativeTarget section */

/* Begin PBXProject section */
		8BD9861F1DC87171008FFBEE /* Project object */ = {
			isa = PBXProject;
			attributes = {
				LastSwiftUpdateCheck = 0810;
				LastUpgradeCheck = 0810;
				ORGANIZATIONNAME = "Varrav Software";
				TargetAttributes = {
					8BD986261DC87171008FFBEE = {
						CreatedOnToolsVersion = 8.1;
						ProvisioningStyle = Automatic;
					};
					8BD9863A1DC87171008FFBEE = {
						CreatedOnToolsVersion = 8.1;
						ProvisioningStyle = Automatic;
						TestTargetID = 8BD986261DC87171008FFBEE;
					};
					8BD986451DC87171008FFBEE = {
						CreatedOnToolsVersion = 8.1;
						ProvisioningStyle = Automatic;
						TestTargetID = 8BD986261DC87171008FFBEE;
					};
				};
			};
			buildConfigurationList = 8BD986221DC87171008FFBEE /* Build configuration list for PBXProject "PitchPerfect" */;
			compatibilityVersion = "Xcode 3.2";
			developmentRegion = English;
			hasScannedForEncodings = 0;
			knownRegions = (
				en,
				Base,
			);
			mainGroup = 8BD9861E1DC87171008FFBEE;
			productRefGroup = 8BD986281DC87171008FFBEE /* Products */;
			projectDirPath = "";
			projectRoot = "";
			targets = (
				8BD986261DC87171008FFBEE /* PitchPerfect */,
				8BD9863A1DC87171008FFBEE /* PitchPerfectTests */,
				8BD986451DC87171008FFBEE /* PitchPerfectUITests */,
			);
		};
/* End PBXProject section */

/* Begin PBXResourcesBuildPhase section */
		8BD986251DC87171008FFBEE /* Resources */ = {
			isa = PBXResourcesBuildPhase;
			buildActionMask = 2147483647;
			files = (
				8BD986351DC87171008FFBEE /* LaunchScreen.storyboard in Resources */,
				8BD986321DC87171008FFBEE /* Assets.xcassets in Resources */,
				8BD986301DC87171008FFBEE /* Main.storyboard in Resources */,
			);
			runOnlyForDeploymentPostprocessing = 0;
		};
		8BD986391DC87171008FFBEE /* Resources */ = {
			isa = PBXResourcesBuildPhase;
			buildActionMask = 2147483647;
			files = (
			);
			runOnlyForDeploymentPostprocessing = 0;
		};
		8BD986441DC87171008FFBEE /* Resources */ = {
			isa = PBXResourcesBuildPhase;
			buildActionMask = 2147483647;
			files = (
			);
			runOnlyForDeploymentPostprocessing = 0;
		};
/* End PBXResourcesBuildPhase section */

/* Begin PBXSourcesBuildPhase section */
		8BD986231DC87171008FFBEE /* Sources */ = {
			isa = PBXSourcesBuildPhase;
			buildActionMask = 2147483647;
			files = (
				8BD9862D1DC87171008FFBEE /* RecordSoundsViewController.swift in Sources */,
				8BDDE9F61DE19A050095D98C /* PlaySoundsViewController+Audio.swift in Sources */,
				8BDDE9F41DE1352A0095D98C /* PlaySoundsViewController.swift in Sources */,
				8BD9862B1DC87171008FFBEE /* AppDelegate.swift in Sources */,
			);
			runOnlyForDeploymentPostprocessing = 0;
		};
		8BD986371DC87171008FFBEE /* Sources */ = {
			isa = PBXSourcesBuildPhase;
			buildActionMask = 2147483647;
			files = (
				8BD986401DC87171008FFBEE /* PitchPerfectTests.swift in Sources */,
			);
			runOnlyForDeploymentPostprocessing = 0;
		};
		8BD986421DC87171008FFBEE /* Sources */ = {
			isa = PBXSourcesBuildPhase;
			buildActionMask = 2147483647;
			files = (
				8BD9864B1DC87171008FFBEE /* PitchPerfectUITests.swift in Sources */,
			);
			runOnlyForDeploymentPostprocessing = 0;
		};
/* End PBXSourcesBuildPhase section */

/* Begin PBXTargetDependency section */
		8BD9863D1DC87171008FFBEE /* PBXTargetDependency */ = {
			isa = PBXTargetDependency;
			target = 8BD986261DC87171008FFBEE /* PitchPerfect */;
			targetProxy = 8BD9863C1DC87171008FFBEE /* PBXContainerItemProxy */;
		};
		8BD986481DC87171008FFBEE /* PBXTargetDependency */ = {
			isa = PBXTargetDependency;
			target = 8BD986261DC87171008FFBEE /* PitchPerfect */;
			targetProxy = 8BD986471DC87171008FFBEE /* PBXContainerItemProxy */;
		};
/* End PBXTargetDependency section */

/* Begin PBXVariantGroup section */
		8BD9862E1DC87171008FFBEE /* Main.storyboard */ = {
			isa = PBXVariantGroup;
			children = (
				8BD9862F1DC87171008FFBEE /* Base */,
			);
			name = Main.storyboard;
			sourceTree = "<group>";
		};
		8BD986331DC87171008FFBEE /* LaunchScreen.storyboard */ = {
			isa = PBXVariantGroup;
			children = (
				8BD986341DC87171008FFBEE /* Base */,
			);
			name = LaunchScreen.storyboard;
			sourceTree = "<group>";
		};
/* End PBXVariantGroup section */

/* Begin XCBuildConfiguration section */
		8BD9864D1DC87171008FFBEE /* Debug */ = {
			isa = XCBuildConfiguration;
			buildSettings = {
				ALWAYS_SEARCH_USER_PATHS = NO;
				CLANG_ANALYZER_NONNULL = YES;
				CLANG_CXX_LANGUAGE_STANDARD = "gnu++0x";
				CLANG_CXX_LIBRARY = "libc++";
				CLANG_ENABLE_MODULES = YES;
				CLANG_ENABLE_OBJC_ARC = YES;
				CLANG_WARN_BOOL_CONVERSION = YES;
				CLANG_WARN_CONSTANT_CONVERSION = YES;
				CLANG_WARN_DIRECT_OBJC_ISA_USAGE = YES_ERROR;
				CLANG_WARN_DOCUMENTATION_COMMENTS = YES;
				CLANG_WARN_EMPTY_BODY = YES;
				CLANG_WARN_ENUM_CONVERSION = YES;
				CLANG_WARN_INFINITE_RECURSION = YES;
				CLANG_WARN_INT_CONVERSION = YES;
				CLANG_WARN_OBJC_ROOT_CLASS = YES_ERROR;
				CLANG_WARN_SUSPICIOUS_MOVES = YES;
				CLANG_WARN_UNREACHABLE_CODE = YES;
				CLANG_WARN__DUPLICATE_METHOD_MATCH = YES;
				"CODE_SIGN_IDENTITY[sdk=iphoneos*]" = "iPhone Developer";
				COPY_PHASE_STRIP = NO;
				DEBUG_INFORMATION_FORMAT = dwarf;
				ENABLE_STRICT_OBJC_MSGSEND = YES;
				ENABLE_TESTABILITY = YES;
				GCC_C_LANGUAGE_STANDARD = gnu99;
				GCC_DYNAMIC_NO_PIC = NO;
				GCC_NO_COMMON_BLOCKS = YES;
				GCC_OPTIMIZATION_LEVEL = 0;
				GCC_PREPROCESSOR_DEFINITIONS = (
					"DEBUG=1",
					"$(inherited)",
				);
				GCC_WARN_64_TO_32_BIT_CONVERSION = YES;
				GCC_WARN_ABOUT_RETURN_TYPE = YES_ERROR;
				GCC_WARN_UNDECLARED_SELECTOR = YES;
				GCC_WARN_UNINITIALIZED_AUTOS = YES_AGGRESSIVE;
				GCC_WARN_UNUSED_FUNCTION = YES;
				GCC_WARN_UNUSED_VARIABLE = YES;
				IPHONEOS_DEPLOYMENT_TARGET = 10.1;
				MTL_ENABLE_DEBUG_INFO = YES;
				ONLY_ACTIVE_ARCH = YES;
				SDKROOT = iphoneos;
				SWIFT_ACTIVE_COMPILATION_CONDITIONS = DEBUG;
				SWIFT_OPTIMIZATION_LEVEL = "-Onone";
				TARGETED_DEVICE_FAMILY = "1,2";
			};
			name = Debug;
		};
		8BD9864E1DC87171008FFBEE /* Release */ = {
			isa = XCBuildConfiguration;
			buildSettings = {
				ALWAYS_SEARCH_USER_PATHS = NO;
				CLANG_ANALYZER_NONNULL = YES;
				CLANG_CXX_LANGUAGE_STANDARD = "gnu++0x";
				CLANG_CXX_LIBRARY = "libc++";
				CLANG_ENABLE_MODULES = YES;
				CLANG_ENABLE_OBJC_ARC = YES;
				CLANG_WARN_BOOL_CONVERSION = YES;
				CLANG_WARN_CONSTANT_CONVERSION = YES;
				CLANG_WARN_DIRECT_OBJC_ISA_USAGE = YES_ERROR;
				CLANG_WARN_DOCUMENTATION_COMMENTS = YES;
				CLANG_WARN_EMPTY_BODY = YES;
				CLANG_WARN_ENUM_CONVERSION = YES;
				CLANG_WARN_INFINITE_RECURSION = YES;
				CLANG_WARN_INT_CONVERSION = YES;
				CLANG_WARN_OBJC_ROOT_CLASS = YES_ERROR;
				CLANG_WARN_SUSPICIOUS_MOVES = YES;
				CLANG_WARN_UNREACHABLE_CODE = YES;
				CLANG_WARN__DUPLICATE_METHOD_MATCH = YES;
				"CODE_SIGN_IDENTITY[sdk=iphoneos*]" = "iPhone Developer";
				COPY_PHASE_STRIP = NO;
				DEBUG_INFORMATION_FORMAT = "dwarf-with-dsym";
				ENABLE_NS_ASSERTIONS = NO;
				ENABLE_STRICT_OBJC_MSGSEND = YES;
				GCC_C_LANGUAGE_STANDARD = gnu99;
				GCC_NO_COMMON_BLOCKS = YES;
				GCC_WARN_64_TO_32_BIT_CONVERSION = YES;
				GCC_WARN_ABOUT_RETURN_TYPE = YES_ERROR;
				GCC_WARN_UNDECLARED_SELECTOR = YES;
				GCC_WARN_UNINITIALIZED_AUTOS = YES_AGGRESSIVE;
				GCC_WARN_UNUSED_FUNCTION = YES;
				GCC_WARN_UNUSED_VARIABLE = YES;
				IPHONEOS_DEPLOYMENT_TARGET = 10.1;
				MTL_ENABLE_DEBUG_INFO = NO;
				SDKROOT = iphoneos;
				SWIFT_OPTIMIZATION_LEVEL = "-Owholemodule";
				TARGETED_DEVICE_FAMILY = "1,2";
				VALIDATE_PRODUCT = YES;
			};
			name = Release;
		};
		8BD986501DC87171008FFBEE /* Debug */ = {
			isa = XCBuildConfiguration;
			buildSettings = {
				ASSETCATALOG_COMPILER_APPICON_NAME = AppIcon;
				INFOPLIST_FILE = PitchPerfect/Info.plist;
				LD_RUNPATH_SEARCH_PATHS = "$(inherited) @executable_path/Frameworks";
				PRODUCT_BUNDLE_IDENTIFIER = com.varrav.pitchperfect.PitchPerfect;
				PRODUCT_NAME = "$(TARGET_NAME)";
				SWIFT_VERSION = 3.0;
			};
			name = Debug;
		};
		8BD986511DC87171008FFBEE /* Release */ = {
			isa = XCBuildConfiguration;
			buildSettings = {
				ASSETCATALOG_COMPILER_APPICON_NAME = AppIcon;
				INFOPLIST_FILE = PitchPerfect/Info.plist;
				LD_RUNPATH_SEARCH_PATHS = "$(inherited) @executable_path/Frameworks";
				PRODUCT_BUNDLE_IDENTIFIER = com.varrav.pitchperfect.PitchPerfect;
				PRODUCT_NAME = "$(TARGET_NAME)";
				SWIFT_VERSION = 3.0;
			};
			name = Release;
		};
		8BD986531DC87171008FFBEE /* Debug */ = {
			isa = XCBuildConfiguration;
			buildSettings = {
				ALWAYS_EMBED_SWIFT_STANDARD_LIBRARIES = YES;
				BUNDLE_LOADER = "$(TEST_HOST)";
				INFOPLIST_FILE = PitchPerfectTests/Info.plist;
				LD_RUNPATH_SEARCH_PATHS = "$(inherited) @executable_path/Frameworks @loader_path/Frameworks";
				PRODUCT_BUNDLE_IDENTIFIER = com.varrav.pitchperfect.PitchPerfectTests;
				PRODUCT_NAME = "$(TARGET_NAME)";
				SWIFT_VERSION = 3.0;
				TEST_HOST = "$(BUILT_PRODUCTS_DIR)/PitchPerfect.app/PitchPerfect";
			};
			name = Debug;
		};
		8BD986541DC87171008FFBEE /* Release */ = {
			isa = XCBuildConfiguration;
			buildSettings = {
				ALWAYS_EMBED_SWIFT_STANDARD_LIBRARIES = YES;
				BUNDLE_LOADER = "$(TEST_HOST)";
				INFOPLIST_FILE = PitchPerfectTests/Info.plist;
				LD_RUNPATH_SEARCH_PATHS = "$(inherited) @executable_path/Frameworks @loader_path/Frameworks";
				PRODUCT_BUNDLE_IDENTIFIER = com.varrav.pitchperfect.PitchPerfectTests;
				PRODUCT_NAME = "$(TARGET_NAME)";
				SWIFT_VERSION = 3.0;
				TEST_HOST = "$(BUILT_PRODUCTS_DIR)/PitchPerfect.app/PitchPerfect";
			};
			name = Release;
		};
		8BD986561DC87171008FFBEE /* Debug */ = {
			isa = XCBuildConfiguration;
			buildSettings = {
				ALWAYS_EMBED_SWIFT_STANDARD_LIBRARIES = YES;
				INFOPLIST_FILE = PitchPerfectUITests/Info.plist;
				LD_RUNPATH_SEARCH_PATHS = "$(inherited) @executable_path/Frameworks @loader_path/Frameworks";
				PRODUCT_BUNDLE_IDENTIFIER = com.varrav.pitchperfect.PitchPerfectUITests;
				PRODUCT_NAME = "$(TARGET_NAME)";
				SWIFT_VERSION = 3.0;
				TEST_TARGET_NAME = PitchPerfect;
			};
			name = Debug;
		};
		8BD986571DC87171008FFBEE /* Release */ = {
			isa = XCBuildConfiguration;
			buildSettings = {
				ALWAYS_EMBED_SWIFT_STANDARD_LIBRARIES = YES;
				INFOPLIST_FILE = PitchPerfectUITests/Info.plist;
				LD_RUNPATH_SEARCH_PATHS = "$(inherited) @executable_path/Frameworks @loader_path/Frameworks";
				PRODUCT_BUNDLE_IDENTIFIER = com.varrav.pitchperfect.PitchPerfectUITests;
				PRODUCT_NAME = "$(TARGET_NAME)";
				SWIFT_VERSION = 3.0;
				TEST_TARGET_NAME = PitchPerfect;
			};
			name = Release;
		};
/* End XCBuildConfiguration section */

/* Begin XCConfigurationList section */
		8BD986221DC87171008FFBEE /* Build configuration list for PBXProject "PitchPerfect" */ = {
			isa = XCConfigurationList;
			buildConfigurations = (
				8BD9864D1DC87171008FFBEE /* Debug */,
				8BD9864E1DC87171008FFBEE /* Release */,
			);
			defaultConfigurationIsVisible = 0;
			defaultConfigurationName = Release;
		};
		8BD9864F1DC87171008FFBEE /* Build configuration list for PBXNativeTarget "PitchPerfect" */ = {
			isa = XCConfigurationList;
			buildConfigurations = (
				8BD986501DC87171008FFBEE /* Debug */,
				8BD986511DC87171008FFBEE /* Release */,
			);
			defaultConfigurationIsVisible = 0;
			defaultConfigurationName = Release;
		};
		8BD986521DC87171008FFBEE /* Build configuration list for PBXNativeTarget "PitchPerfectTests" */ = {
			isa = XCConfigurationList;
			buildConfigurations = (
				8BD986531DC87171008FFBEE /* Debug */,
				8BD986541DC87171008FFBEE /* Release */,
			);
			defaultConfigurationIsVisible = 0;
			defaultConfigurationName = Release;
		};
		8BD986551DC87171008FFBEE /* Build configuration list for PBXNativeTarget "PitchPerfectUITests" */ = {
			isa = XCConfigurationList;
			buildConfigurations = (
				8BD986561DC87171008FFBEE /* Debug */,
				8BD986571DC87171008FFBEE /* Release */,
			);
			defaultConfigurationIsVisible = 0;
			defaultConfigurationName = Release;
		};
/* End XCConfigurationList section */
	};
	rootObject = 8BD9861F1DC87171008FFBEE /* Project object */;
}
